// !$*UTF8*$!
{
	archiveVersion = 1;
	classes = {
	};
	objectVersion = 46;
	objects = {

/* Begin PBXBuildFile section */
		36474F2219D9780100084F34 /* Pigiarniq Bold.ttf in Resources */ = {isa = PBXBuildFile; fileRef = 36474F1D19D9780100084F34 /* Pigiarniq Bold.ttf */; };
		36474F2319D9780100084F34 /* Pigiarniq Heavy.ttf in Resources */ = {isa = PBXBuildFile; fileRef = 36474F1E19D9780100084F34 /* Pigiarniq Heavy.ttf */; };
		36474F2419D9780100084F34 /* Pigiarniq Italic.ttf in Resources */ = {isa = PBXBuildFile; fileRef = 36474F1F19D9780100084F34 /* Pigiarniq Italic.ttf */; };
		36474F2519D9780100084F34 /* Pigiarniq Light.ttf in Resources */ = {isa = PBXBuildFile; fileRef = 36474F2019D9780100084F34 /* Pigiarniq Light.ttf */; };
		36474F2619D9780100084F34 /* Pigiarniq Regular.ttf in Resources */ = {isa = PBXBuildFile; fileRef = 36474F2119D9780100084F34 /* Pigiarniq Regular.ttf */; };
		36474F2919D9AC3800084F34 /* UIPlaceHolderTextView.m in Sources */ = {isa = PBXBuildFile; fileRef = 36474F2819D9AC3800084F34 /* UIPlaceHolderTextView.m */; };
		36524AF119D940F4006DCAAF /* SocialnetworkController.m in Sources */ = {isa = PBXBuildFile; fileRef = 36524AEF19D940F4006DCAAF /* SocialnetworkController.m */; };
		36524AF219D940F4006DCAAF /* SocialnetworkController.xib in Resources */ = {isa = PBXBuildFile; fileRef = 36524AF019D940F4006DCAAF /* SocialnetworkController.xib */; };
		36561D6C19D2C8A40069D897 /* Foundation.framework in Frameworks */ = {isa = PBXBuildFile; fileRef = 36561D6B19D2C8A40069D897 /* Foundation.framework */; };
		36561D6E19D2C8A40069D897 /* CoreGraphics.framework in Frameworks */ = {isa = PBXBuildFile; fileRef = 36561D6D19D2C8A40069D897 /* CoreGraphics.framework */; };
		36561D7019D2C8A40069D897 /* UIKit.framework in Frameworks */ = {isa = PBXBuildFile; fileRef = 36561D6F19D2C8A40069D897 /* UIKit.framework */; };
		36561D7619D2C8A40069D897 /* InfoPlist.strings in Resources */ = {isa = PBXBuildFile; fileRef = 36561D7419D2C8A40069D897 /* InfoPlist.strings */; };
		36561D7819D2C8A40069D897 /* main.m in Sources */ = {isa = PBXBuildFile; fileRef = 36561D7719D2C8A40069D897 /* main.m */; };
		36561D7C19D2C8A40069D897 /* AppDelegate.m in Sources */ = {isa = PBXBuildFile; fileRef = 36561D7B19D2C8A40069D897 /* AppDelegate.m */; };
		36561D7E19D2C8A40069D897 /* Images.xcassets in Resources */ = {isa = PBXBuildFile; fileRef = 36561D7D19D2C8A40069D897 /* Images.xcassets */; };
		36561D8519D2C8A40069D897 /* XCTest.framework in Frameworks */ = {isa = PBXBuildFile; fileRef = 36561D8419D2C8A40069D897 /* XCTest.framework */; };
		36561D8619D2C8A40069D897 /* Foundation.framework in Frameworks */ = {isa = PBXBuildFile; fileRef = 36561D6B19D2C8A40069D897 /* Foundation.framework */; };
		36561D8719D2C8A40069D897 /* UIKit.framework in Frameworks */ = {isa = PBXBuildFile; fileRef = 36561D6F19D2C8A40069D897 /* UIKit.framework */; };
		36561D8F19D2C8A40069D897 /* InfoPlist.strings in Resources */ = {isa = PBXBuildFile; fileRef = 36561D8D19D2C8A40069D897 /* InfoPlist.strings */; };
		36561D9119D2C8A40069D897 /* UntechableTests.m in Sources */ = {isa = PBXBuildFile; fileRef = 36561D9019D2C8A40069D897 /* UntechableTests.m */; };
		3663932519D6A0A700512965 /* CommonFunctions.m in Sources */ = {isa = PBXBuildFile; fileRef = 3663932419D6A0A700512965 /* CommonFunctions.m */; };
		366ECD7E19D3135200F71A11 /* Untechable.m in Sources */ = {isa = PBXBuildFile; fileRef = 366ECD7D19D3135200F71A11 /* Untechable.m */; };
		366ECD9619D323DA00F71A11 /* AddUntechableController.m in Sources */ = {isa = PBXBuildFile; fileRef = 366ECD9419D323DA00F71A11 /* AddUntechableController.m */; };
		366ECD9719D323DA00F71A11 /* AddUntechableController.xib in Resources */ = {isa = PBXBuildFile; fileRef = 366ECD9519D323DA00F71A11 /* AddUntechableController.xib */; };
		366ECD9B19D323E200F71A11 /* PhoneSetupController.m in Sources */ = {isa = PBXBuildFile; fileRef = 366ECD9919D323E200F71A11 /* PhoneSetupController.m */; };
		366ECD9C19D323E200F71A11 /* PhoneSetupController.xib in Resources */ = {isa = PBXBuildFile; fileRef = 366ECD9A19D323E200F71A11 /* PhoneSetupController.xib */; };
		3681603C19E6B81E00B9B64C /* ContactsModel.m in Sources */ = {isa = PBXBuildFile; fileRef = 3681603519E6B81E00B9B64C /* ContactsModel.m */; };
		3681603D19E6B81E00B9B64C /* InviteFriendsCell.m in Sources */ = {isa = PBXBuildFile; fileRef = 3681603719E6B81E00B9B64C /* InviteFriendsCell.m */; };
		3681603E19E6B81E00B9B64C /* InviteFriendsCell.xib in Resources */ = {isa = PBXBuildFile; fileRef = 3681603819E6B81E00B9B64C /* InviteFriendsCell.xib */; };
		3681603F19E6B81E00B9B64C /* InviteFriendsController.m in Sources */ = {isa = PBXBuildFile; fileRef = 3681603A19E6B81E00B9B64C /* InviteFriendsController.m */; };
		3681604019E6B81E00B9B64C /* InviteFriendsController.xib in Resources */ = {isa = PBXBuildFile; fileRef = 3681603B19E6B81E00B9B64C /* InviteFriendsController.xib */; };
		36A370B819F53E6D005A7AFE /* AVFoundation.framework in Frameworks */ = {isa = PBXBuildFile; fileRef = 36A370B719F53E6D005A7AFE /* AVFoundation.framework */; };
		36B036A619DAF44D00E8CD21 /* EmailSettingController.m in Sources */ = {isa = PBXBuildFile; fileRef = 36B036A419DAF44D00E8CD21 /* EmailSettingController.m */; };
		36B036A719DAF44D00E8CD21 /* EmailSettingController.xib in Resources */ = {isa = PBXBuildFile; fileRef = 36B036A519DAF44D00E8CD21 /* EmailSettingController.xib */; };
		36B275D41A00CD6000ED58AD /* StoreKit.framework in Frameworks */ = {isa = PBXBuildFile; fileRef = 36B275D31A00CD6000ED58AD /* StoreKit.framework */; };
		36B275D71A00D36400ED58AD /* RMStore.m in Sources */ = {isa = PBXBuildFile; fileRef = 36B275D61A00D36400ED58AD /* RMStore.m */; };
		36BB7B5919FFBD9A00562069 /* CHECKBOX_EMPTY.png in Resources */ = {isa = PBXBuildFile; fileRef = 36BB7B2E19FFBD9A00562069 /* CHECKBOX_EMPTY.png */; };
		36BB7B5A19FFBD9A00562069 /* CHECKBOX_EMPTY@2x.png in Resources */ = {isa = PBXBuildFile; fileRef = 36BB7B2F19FFBD9A00562069 /* CHECKBOX_EMPTY@2x.png */; };
		36BB7B5B19FFBD9A00562069 /* CHECKBOX_FILLED.png in Resources */ = {isa = PBXBuildFile; fileRef = 36BB7B3019FFBD9A00562069 /* CHECKBOX_FILLED.png */; };
		36BB7B5C19FFBD9A00562069 /* CHECKBOX_FILLED@2x.png in Resources */ = {isa = PBXBuildFile; fileRef = 36BB7B3119FFBD9A00562069 /* CHECKBOX_FILLED@2x.png */; };
		36BB7B5D19FFBD9A00562069 /* icon-40.png in Resources */ = {isa = PBXBuildFile; fileRef = 36BB7B3319FFBD9A00562069 /* icon-40.png */; };
		36BB7B5E19FFBD9A00562069 /* icon-40@2x.png in Resources */ = {isa = PBXBuildFile; fileRef = 36BB7B3419FFBD9A00562069 /* icon-40@2x.png */; };
		36BB7B5F19FFBD9A00562069 /* icon-50.png in Resources */ = {isa = PBXBuildFile; fileRef = 36BB7B3519FFBD9A00562069 /* icon-50.png */; };
		36BB7B6019FFBD9A00562069 /* icon-50@2x.png in Resources */ = {isa = PBXBuildFile; fileRef = 36BB7B3619FFBD9A00562069 /* icon-50@2x.png */; };
		36BB7B6119FFBD9A00562069 /* icon-60.png in Resources */ = {isa = PBXBuildFile; fileRef = 36BB7B3719FFBD9A00562069 /* icon-60.png */; };
		36BB7B6219FFBD9A00562069 /* icon-60@2x.png in Resources */ = {isa = PBXBuildFile; fileRef = 36BB7B3819FFBD9A00562069 /* icon-60@2x.png */; };
		36BB7B6319FFBD9A00562069 /* icon-72.png in Resources */ = {isa = PBXBuildFile; fileRef = 36BB7B3919FFBD9A00562069 /* icon-72.png */; };
		36BB7B6419FFBD9A00562069 /* icon-72@2x.png in Resources */ = {isa = PBXBuildFile; fileRef = 36BB7B3A19FFBD9A00562069 /* icon-72@2x.png */; };
		36BB7B6519FFBD9A00562069 /* icon-76.png in Resources */ = {isa = PBXBuildFile; fileRef = 36BB7B3B19FFBD9A00562069 /* icon-76.png */; };
		36BB7B6619FFBD9A00562069 /* icon-76@2x.png in Resources */ = {isa = PBXBuildFile; fileRef = 36BB7B3C19FFBD9A00562069 /* icon-76@2x.png */; };
		36BB7B6719FFBD9A00562069 /* icon-small.png in Resources */ = {isa = PBXBuildFile; fileRef = 36BB7B3D19FFBD9A00562069 /* icon-small.png */; };
		36BB7B6819FFBD9A00562069 /* icon-small@2x.png in Resources */ = {isa = PBXBuildFile; fileRef = 36BB7B3E19FFBD9A00562069 /* icon-small@2x.png */; };
		36BB7B6919FFBD9A00562069 /* icon.png in Resources */ = {isa = PBXBuildFile; fileRef = 36BB7B3F19FFBD9A00562069 /* icon.png */; };
		36BB7B6A19FFBD9A00562069 /* icon@2x.png in Resources */ = {isa = PBXBuildFile; fileRef = 36BB7B4019FFBD9A00562069 /* icon@2x.png */; };
		36BB7B6B19FFBD9A00562069 /* inputBottomBg2@2x.png in Resources */ = {isa = PBXBuildFile; fileRef = 36BB7B4119FFBD9A00562069 /* inputBottomBg2@2x.png */; };
		36BB7B6C19FFBD9A00562069 /* invite_Bg@2x.png in Resources */ = {isa = PBXBuildFile; fileRef = 36BB7B4219FFBD9A00562069 /* invite_Bg@2x.png */; };
		36BB7B6D19FFBD9A00562069 /* pause.png in Resources */ = {isa = PBXBuildFile; fileRef = 36BB7B4319FFBD9A00562069 /* pause.png */; };
		36BB7B6E19FFBD9A00562069 /* pause@2x.png in Resources */ = {isa = PBXBuildFile; fileRef = 36BB7B4419FFBD9A00562069 /* pause@2x.png */; };
		36BB7B6F19FFBD9A00562069 /* play_gray.png in Resources */ = {isa = PBXBuildFile; fileRef = 36BB7B4519FFBD9A00562069 /* play_gray.png */; };
		36BB7B7019FFBD9A00562069 /* play_gray@2x.png in Resources */ = {isa = PBXBuildFile; fileRef = 36BB7B4619FFBD9A00562069 /* play_gray@2x.png */; };
		36BB7B7119FFBD9A00562069 /* play.png in Resources */ = {isa = PBXBuildFile; fileRef = 36BB7B4719FFBD9A00562069 /* play.png */; };
		36BB7B7219FFBD9A00562069 /* play@2x.png in Resources */ = {isa = PBXBuildFile; fileRef = 36BB7B4819FFBD9A00562069 /* play@2x.png */; };
		36BB7B7319FFBD9A00562069 /* record_gray.png in Resources */ = {isa = PBXBuildFile; fileRef = 36BB7B4919FFBD9A00562069 /* record_gray.png */; };
		36BB7B7419FFBD9A00562069 /* record_gray@2x.png in Resources */ = {isa = PBXBuildFile; fileRef = 36BB7B4A19FFBD9A00562069 /* record_gray@2x.png */; };
		36BB7B7519FFBD9A00562069 /* record.png in Resources */ = {isa = PBXBuildFile; fileRef = 36BB7B4B19FFBD9A00562069 /* record.png */; };
		36BB7B7619FFBD9A00562069 /* record@2x.png in Resources */ = {isa = PBXBuildFile; fileRef = 36BB7B4C19FFBD9A00562069 /* record@2x.png */; };
		36BB7B7719FFBD9A00562069 /* right_arrow.png in Resources */ = {isa = PBXBuildFile; fileRef = 36BB7B4D19FFBD9A00562069 /* right_arrow.png */; };
		36BB7B7819FFBD9A00562069 /* right_arrow@2x.png in Resources */ = {isa = PBXBuildFile; fileRef = 36BB7B4E19FFBD9A00562069 /* right_arrow@2x.png */; };
		36BB7B7919FFBD9A00562069 /* searchicon@2x.png in Resources */ = {isa = PBXBuildFile; fileRef = 36BB7B4F19FFBD9A00562069 /* searchicon@2x.png */; };
		36BB7B7A19FFBD9A00562069 /* Default-568h@2x.png in Resources */ = {isa = PBXBuildFile; fileRef = 36BB7B5119FFBD9A00562069 /* Default-568h@2x.png */; };
		36BB7B7B19FFBD9A00562069 /* Default-667h@2x.png in Resources */ = {isa = PBXBuildFile; fileRef = 36BB7B5219FFBD9A00562069 /* Default-667h@2x.png */; };
		36BB7B7C19FFBD9A00562069 /* Default-Landscape-736h@3x.png in Resources */ = {isa = PBXBuildFile; fileRef = 36BB7B5319FFBD9A00562069 /* Default-Landscape-736h@3x.png */; };
		36BB7B7D19FFBD9A00562069 /* Default-Portrait-736h@3x.png in Resources */ = {isa = PBXBuildFile; fileRef = 36BB7B5419FFBD9A00562069 /* Default-Portrait-736h@3x.png */; };
		36BB7B7E19FFBD9A00562069 /* Default@2x.png in Resources */ = {isa = PBXBuildFile; fileRef = 36BB7B5519FFBD9A00562069 /* Default@2x.png */; };
		36BB7B7F19FFBD9A00562069 /* logo.png in Resources */ = {isa = PBXBuildFile; fileRef = 36BB7B5619FFBD9A00562069 /* logo.png */; };
		36BB7B8019FFBD9A00562069 /* logo@2x.png in Resources */ = {isa = PBXBuildFile; fileRef = 36BB7B5719FFBD9A00562069 /* logo@2x.png */; };
		36BB7B8119FFBD9A00562069 /* logo@3x.png in Resources */ = {isa = PBXBuildFile; fileRef = 36BB7B5819FFBD9A00562069 /* logo@3x.png */; };
		36BB7B8919FFD98C00562069 /* ThankyouController.m in Sources */ = {isa = PBXBuildFile; fileRef = 36BB7B8719FFD98C00562069 /* ThankyouController.m */; };
		36BB7B8A19FFD98C00562069 /* ThankyouController.xib in Resources */ = {isa = PBXBuildFile; fileRef = 36BB7B8819FFD98C00562069 /* ThankyouController.xib */; };
		36FD975519E694AC00427507 /* BSKeyboardControls.m in Sources */ = {isa = PBXBuildFile; fileRef = 36FD974B19E694AC00427507 /* BSKeyboardControls.m */; };
		36FD975619E694AC00427507 /* BSKeyboardControls.strings in Resources */ = {isa = PBXBuildFile; fileRef = 36FD974C19E694AC00427507 /* BSKeyboardControls.strings */; };
/* End PBXBuildFile section */

/* Begin PBXContainerItemProxy section */
		36561D8819D2C8A40069D897 /* PBXContainerItemProxy */ = {
			isa = PBXContainerItemProxy;
			containerPortal = 36561D6019D2C8A40069D897 /* Project object */;
			proxyType = 1;
			remoteGlobalIDString = 36561D6719D2C8A40069D897;
			remoteInfo = Untechable;
		};
/* End PBXContainerItemProxy section */

/* Begin PBXFileReference section */
		36474F1D19D9780100084F34 /* Pigiarniq Bold.ttf */ = {isa = PBXFileReference; lastKnownFileType = file; path = "Pigiarniq Bold.ttf"; sourceTree = "<group>"; };
		36474F1E19D9780100084F34 /* Pigiarniq Heavy.ttf */ = {isa = PBXFileReference; lastKnownFileType = file; path = "Pigiarniq Heavy.ttf"; sourceTree = "<group>"; };
		36474F1F19D9780100084F34 /* Pigiarniq Italic.ttf */ = {isa = PBXFileReference; lastKnownFileType = file; path = "Pigiarniq Italic.ttf"; sourceTree = "<group>"; };
		36474F2019D9780100084F34 /* Pigiarniq Light.ttf */ = {isa = PBXFileReference; lastKnownFileType = file; path = "Pigiarniq Light.ttf"; sourceTree = "<group>"; };
		36474F2119D9780100084F34 /* Pigiarniq Regular.ttf */ = {isa = PBXFileReference; lastKnownFileType = file; path = "Pigiarniq Regular.ttf"; sourceTree = "<group>"; };
		36474F2719D9AC3800084F34 /* UIPlaceHolderTextView.h */ = {isa = PBXFileReference; fileEncoding = 4; lastKnownFileType = sourcecode.c.h; name = UIPlaceHolderTextView.h; path = AddUntechable/Models/UIPlaceHolderTextView.h; sourceTree = "<group>"; };
		36474F2819D9AC3800084F34 /* UIPlaceHolderTextView.m */ = {isa = PBXFileReference; fileEncoding = 4; lastKnownFileType = sourcecode.c.objc; name = UIPlaceHolderTextView.m; path = AddUntechable/Models/UIPlaceHolderTextView.m; sourceTree = "<group>"; };
		36524AEE19D940F4006DCAAF /* SocialnetworkController.h */ = {isa = PBXFileReference; fileEncoding = 4; lastKnownFileType = sourcecode.c.h; name = SocialnetworkController.h; path = AddUntechable/SocialnetworkController/SocialnetworkController.h; sourceTree = "<group>"; };
		36524AEF19D940F4006DCAAF /* SocialnetworkController.m */ = {isa = PBXFileReference; fileEncoding = 4; lastKnownFileType = sourcecode.c.objc; name = SocialnetworkController.m; path = AddUntechable/SocialnetworkController/SocialnetworkController.m; sourceTree = "<group>"; };
		36524AF019D940F4006DCAAF /* SocialnetworkController.xib */ = {isa = PBXFileReference; fileEncoding = 4; lastKnownFileType = file.xib; name = SocialnetworkController.xib; path = AddUntechable/SocialnetworkController/SocialnetworkController.xib; sourceTree = "<group>"; };
		36561D6819D2C8A40069D897 /* Untechable.app */ = {isa = PBXFileReference; explicitFileType = wrapper.application; includeInIndex = 0; path = Untechable.app; sourceTree = BUILT_PRODUCTS_DIR; };
		36561D6B19D2C8A40069D897 /* Foundation.framework */ = {isa = PBXFileReference; lastKnownFileType = wrapper.framework; name = Foundation.framework; path = System/Library/Frameworks/Foundation.framework; sourceTree = SDKROOT; };
		36561D6D19D2C8A40069D897 /* CoreGraphics.framework */ = {isa = PBXFileReference; lastKnownFileType = wrapper.framework; name = CoreGraphics.framework; path = System/Library/Frameworks/CoreGraphics.framework; sourceTree = SDKROOT; };
		36561D6F19D2C8A40069D897 /* UIKit.framework */ = {isa = PBXFileReference; lastKnownFileType = wrapper.framework; name = UIKit.framework; path = System/Library/Frameworks/UIKit.framework; sourceTree = SDKROOT; };
		36561D7319D2C8A40069D897 /* Untechable-Info.plist */ = {isa = PBXFileReference; lastKnownFileType = text.plist.xml; path = "Untechable-Info.plist"; sourceTree = "<group>"; };
		36561D7519D2C8A40069D897 /* en */ = {isa = PBXFileReference; lastKnownFileType = text.plist.strings; name = en; path = en.lproj/InfoPlist.strings; sourceTree = "<group>"; };
		36561D7719D2C8A40069D897 /* main.m */ = {isa = PBXFileReference; lastKnownFileType = sourcecode.c.objc; path = main.m; sourceTree = "<group>"; };
		36561D7919D2C8A40069D897 /* Untechable-Prefix.pch */ = {isa = PBXFileReference; lastKnownFileType = sourcecode.c.h; path = "Untechable-Prefix.pch"; sourceTree = "<group>"; };
		36561D7A19D2C8A40069D897 /* AppDelegate.h */ = {isa = PBXFileReference; lastKnownFileType = sourcecode.c.h; path = AppDelegate.h; sourceTree = "<group>"; };
		36561D7B19D2C8A40069D897 /* AppDelegate.m */ = {isa = PBXFileReference; lastKnownFileType = sourcecode.c.objc; path = AppDelegate.m; sourceTree = "<group>"; };
		36561D7D19D2C8A40069D897 /* Images.xcassets */ = {isa = PBXFileReference; lastKnownFileType = folder.assetcatalog; path = Images.xcassets; sourceTree = "<group>"; };
		36561D8319D2C8A40069D897 /* UntechableTests.xctest */ = {isa = PBXFileReference; explicitFileType = wrapper.cfbundle; includeInIndex = 0; path = UntechableTests.xctest; sourceTree = BUILT_PRODUCTS_DIR; };
		36561D8419D2C8A40069D897 /* XCTest.framework */ = {isa = PBXFileReference; lastKnownFileType = wrapper.framework; name = XCTest.framework; path = Library/Frameworks/XCTest.framework; sourceTree = DEVELOPER_DIR; };
		36561D8C19D2C8A40069D897 /* UntechableTests-Info.plist */ = {isa = PBXFileReference; lastKnownFileType = text.plist.xml; path = "UntechableTests-Info.plist"; sourceTree = "<group>"; };
		36561D8E19D2C8A40069D897 /* en */ = {isa = PBXFileReference; lastKnownFileType = text.plist.strings; name = en; path = en.lproj/InfoPlist.strings; sourceTree = "<group>"; };
		36561D9019D2C8A40069D897 /* UntechableTests.m */ = {isa = PBXFileReference; lastKnownFileType = sourcecode.c.objc; path = UntechableTests.m; sourceTree = "<group>"; };
		3663932319D6A0A700512965 /* CommonFunctions.h */ = {isa = PBXFileReference; fileEncoding = 4; lastKnownFileType = sourcecode.c.h; path = CommonFunctions.h; sourceTree = "<group>"; };
		3663932419D6A0A700512965 /* CommonFunctions.m */ = {isa = PBXFileReference; fileEncoding = 4; lastKnownFileType = sourcecode.c.objc; path = CommonFunctions.m; sourceTree = "<group>"; };
		366ECD7C19D3135200F71A11 /* Untechable.h */ = {isa = PBXFileReference; fileEncoding = 4; lastKnownFileType = sourcecode.c.h; name = Untechable.h; path = AddUntechable/Models/Untechable.h; sourceTree = "<group>"; };
		366ECD7D19D3135200F71A11 /* Untechable.m */ = {isa = PBXFileReference; fileEncoding = 4; lastKnownFileType = sourcecode.c.objc; name = Untechable.m; path = AddUntechable/Models/Untechable.m; sourceTree = "<group>"; };
		366ECD8019D3181000F71A11 /* Common.h */ = {isa = PBXFileReference; fileEncoding = 4; lastKnownFileType = sourcecode.c.h; name = Common.h; path = Config/Common.h; sourceTree = "<group>"; };
		366ECD9319D323DA00F71A11 /* AddUntechableController.h */ = {isa = PBXFileReference; fileEncoding = 4; lastKnownFileType = sourcecode.c.h; name = AddUntechableController.h; path = AddUntechable/AddUntechableController/AddUntechableController.h; sourceTree = "<group>"; };
		366ECD9419D323DA00F71A11 /* AddUntechableController.m */ = {isa = PBXFileReference; fileEncoding = 4; lastKnownFileType = sourcecode.c.objc; name = AddUntechableController.m; path = AddUntechable/AddUntechableController/AddUntechableController.m; sourceTree = "<group>"; };
		366ECD9519D323DA00F71A11 /* AddUntechableController.xib */ = {isa = PBXFileReference; fileEncoding = 4; lastKnownFileType = file.xib; name = AddUntechableController.xib; path = AddUntechable/AddUntechableController/AddUntechableController.xib; sourceTree = "<group>"; };
		366ECD9819D323E200F71A11 /* PhoneSetupController.h */ = {isa = PBXFileReference; fileEncoding = 4; lastKnownFileType = sourcecode.c.h; name = PhoneSetupController.h; path = AddUntechable/PhoneSetupController/PhoneSetupController.h; sourceTree = "<group>"; };
		366ECD9919D323E200F71A11 /* PhoneSetupController.m */ = {isa = PBXFileReference; fileEncoding = 4; lastKnownFileType = sourcecode.c.objc; name = PhoneSetupController.m; path = AddUntechable/PhoneSetupController/PhoneSetupController.m; sourceTree = "<group>"; };
		366ECD9A19D323E200F71A11 /* PhoneSetupController.xib */ = {isa = PBXFileReference; fileEncoding = 4; lastKnownFileType = file.xib; name = PhoneSetupController.xib; path = AddUntechable/PhoneSetupController/PhoneSetupController.xib; sourceTree = "<group>"; };
		3681603419E6B81E00B9B64C /* ContactsModel.h */ = {isa = PBXFileReference; fileEncoding = 4; lastKnownFileType = sourcecode.c.h; path = ContactsModel.h; sourceTree = "<group>"; };
		3681603519E6B81E00B9B64C /* ContactsModel.m */ = {isa = PBXFileReference; fileEncoding = 4; lastKnownFileType = sourcecode.c.objc; path = ContactsModel.m; sourceTree = "<group>"; };
		3681603619E6B81E00B9B64C /* InviteFriendsCell.h */ = {isa = PBXFileReference; fileEncoding = 4; lastKnownFileType = sourcecode.c.h; path = InviteFriendsCell.h; sourceTree = "<group>"; };
		3681603719E6B81E00B9B64C /* InviteFriendsCell.m */ = {isa = PBXFileReference; fileEncoding = 4; lastKnownFileType = sourcecode.c.objc; path = InviteFriendsCell.m; sourceTree = "<group>"; };
		3681603819E6B81E00B9B64C /* InviteFriendsCell.xib */ = {isa = PBXFileReference; fileEncoding = 4; lastKnownFileType = file.xib; path = InviteFriendsCell.xib; sourceTree = "<group>"; };
		3681603919E6B81E00B9B64C /* InviteFriendsController.h */ = {isa = PBXFileReference; fileEncoding = 4; lastKnownFileType = sourcecode.c.h; path = InviteFriendsController.h; sourceTree = "<group>"; };
		3681603A19E6B81E00B9B64C /* InviteFriendsController.m */ = {isa = PBXFileReference; fileEncoding = 4; lastKnownFileType = sourcecode.c.objc; path = InviteFriendsController.m; sourceTree = "<group>"; };
		3681603B19E6B81E00B9B64C /* InviteFriendsController.xib */ = {isa = PBXFileReference; fileEncoding = 4; lastKnownFileType = file.xib; path = InviteFriendsController.xib; sourceTree = "<group>"; };
		36A370B719F53E6D005A7AFE /* AVFoundation.framework */ = {isa = PBXFileReference; lastKnownFileType = wrapper.framework; name = AVFoundation.framework; path = System/Library/Frameworks/AVFoundation.framework; sourceTree = SDKROOT; };
		36B036A319DAF44D00E8CD21 /* EmailSettingController.h */ = {isa = PBXFileReference; fileEncoding = 4; lastKnownFileType = sourcecode.c.h; name = EmailSettingController.h; path = AddUntechable/EmailSettingController/EmailSettingController.h; sourceTree = "<group>"; };
		36B036A419DAF44D00E8CD21 /* EmailSettingController.m */ = {isa = PBXFileReference; fileEncoding = 4; lastKnownFileType = sourcecode.c.objc; name = EmailSettingController.m; path = AddUntechable/EmailSettingController/EmailSettingController.m; sourceTree = "<group>"; };
		36B036A519DAF44D00E8CD21 /* EmailSettingController.xib */ = {isa = PBXFileReference; fileEncoding = 4; lastKnownFileType = file.xib; name = EmailSettingController.xib; path = AddUntechable/EmailSettingController/EmailSettingController.xib; sourceTree = "<group>"; };
		36B275D31A00CD6000ED58AD /* StoreKit.framework */ = {isa = PBXFileReference; lastKnownFileType = wrapper.framework; name = StoreKit.framework; path = System/Library/Frameworks/StoreKit.framework; sourceTree = SDKROOT; };
		36B275D51A00D36400ED58AD /* RMStore.h */ = {isa = PBXFileReference; fileEncoding = 4; lastKnownFileType = sourcecode.c.h; name = RMStore.h; path = AddUntechable/RMStore/RMStore.h; sourceTree = "<group>"; };
		36B275D61A00D36400ED58AD /* RMStore.m */ = {isa = PBXFileReference; fileEncoding = 4; lastKnownFileType = sourcecode.c.objc; name = RMStore.m; path = AddUntechable/RMStore/RMStore.m; sourceTree = "<group>"; };
		36BB7B2E19FFBD9A00562069 /* CHECKBOX_EMPTY.png */ = {isa = PBXFileReference; lastKnownFileType = image.png; path = CHECKBOX_EMPTY.png; sourceTree = "<group>"; };
		36BB7B2F19FFBD9A00562069 /* CHECKBOX_EMPTY@2x.png */ = {isa = PBXFileReference; lastKnownFileType = image.png; path = "CHECKBOX_EMPTY@2x.png"; sourceTree = "<group>"; };
		36BB7B3019FFBD9A00562069 /* CHECKBOX_FILLED.png */ = {isa = PBXFileReference; lastKnownFileType = image.png; path = CHECKBOX_FILLED.png; sourceTree = "<group>"; };
		36BB7B3119FFBD9A00562069 /* CHECKBOX_FILLED@2x.png */ = {isa = PBXFileReference; lastKnownFileType = image.png; path = "CHECKBOX_FILLED@2x.png"; sourceTree = "<group>"; };
		36BB7B3319FFBD9A00562069 /* icon-40.png */ = {isa = PBXFileReference; lastKnownFileType = image.png; path = "icon-40.png"; sourceTree = "<group>"; };
		36BB7B3419FFBD9A00562069 /* icon-40@2x.png */ = {isa = PBXFileReference; lastKnownFileType = image.png; path = "icon-40@2x.png"; sourceTree = "<group>"; };
		36BB7B3519FFBD9A00562069 /* icon-50.png */ = {isa = PBXFileReference; lastKnownFileType = image.png; path = "icon-50.png"; sourceTree = "<group>"; };
		36BB7B3619FFBD9A00562069 /* icon-50@2x.png */ = {isa = PBXFileReference; lastKnownFileType = image.png; path = "icon-50@2x.png"; sourceTree = "<group>"; };
		36BB7B3719FFBD9A00562069 /* icon-60.png */ = {isa = PBXFileReference; lastKnownFileType = image.png; path = "icon-60.png"; sourceTree = "<group>"; };
		36BB7B3819FFBD9A00562069 /* icon-60@2x.png */ = {isa = PBXFileReference; lastKnownFileType = image.png; path = "icon-60@2x.png"; sourceTree = "<group>"; };
		36BB7B3919FFBD9A00562069 /* icon-72.png */ = {isa = PBXFileReference; lastKnownFileType = image.png; path = "icon-72.png"; sourceTree = "<group>"; };
		36BB7B3A19FFBD9A00562069 /* icon-72@2x.png */ = {isa = PBXFileReference; lastKnownFileType = image.png; path = "icon-72@2x.png"; sourceTree = "<group>"; };
		36BB7B3B19FFBD9A00562069 /* icon-76.png */ = {isa = PBXFileReference; lastKnownFileType = image.png; path = "icon-76.png"; sourceTree = "<group>"; };
		36BB7B3C19FFBD9A00562069 /* icon-76@2x.png */ = {isa = PBXFileReference; lastKnownFileType = image.png; path = "icon-76@2x.png"; sourceTree = "<group>"; };
		36BB7B3D19FFBD9A00562069 /* icon-small.png */ = {isa = PBXFileReference; lastKnownFileType = image.png; path = "icon-small.png"; sourceTree = "<group>"; };
		36BB7B3E19FFBD9A00562069 /* icon-small@2x.png */ = {isa = PBXFileReference; lastKnownFileType = image.png; path = "icon-small@2x.png"; sourceTree = "<group>"; };
		36BB7B3F19FFBD9A00562069 /* icon.png */ = {isa = PBXFileReference; lastKnownFileType = image.png; path = icon.png; sourceTree = "<group>"; };
		36BB7B4019FFBD9A00562069 /* icon@2x.png */ = {isa = PBXFileReference; lastKnownFileType = image.png; path = "icon@2x.png"; sourceTree = "<group>"; };
		36BB7B4119FFBD9A00562069 /* inputBottomBg2@2x.png */ = {isa = PBXFileReference; lastKnownFileType = image.png; path = "inputBottomBg2@2x.png"; sourceTree = "<group>"; };
		36BB7B4219FFBD9A00562069 /* invite_Bg@2x.png */ = {isa = PBXFileReference; lastKnownFileType = image.png; path = "invite_Bg@2x.png"; sourceTree = "<group>"; };
		36BB7B4319FFBD9A00562069 /* pause.png */ = {isa = PBXFileReference; lastKnownFileType = image.png; path = pause.png; sourceTree = "<group>"; };
		36BB7B4419FFBD9A00562069 /* pause@2x.png */ = {isa = PBXFileReference; lastKnownFileType = image.png; path = "pause@2x.png"; sourceTree = "<group>"; };
		36BB7B4519FFBD9A00562069 /* play_gray.png */ = {isa = PBXFileReference; lastKnownFileType = image.png; path = play_gray.png; sourceTree = "<group>"; };
		36BB7B4619FFBD9A00562069 /* play_gray@2x.png */ = {isa = PBXFileReference; lastKnownFileType = image.png; path = "play_gray@2x.png"; sourceTree = "<group>"; };
		36BB7B4719FFBD9A00562069 /* play.png */ = {isa = PBXFileReference; lastKnownFileType = image.png; path = play.png; sourceTree = "<group>"; };
		36BB7B4819FFBD9A00562069 /* play@2x.png */ = {isa = PBXFileReference; lastKnownFileType = image.png; path = "play@2x.png"; sourceTree = "<group>"; };
		36BB7B4919FFBD9A00562069 /* record_gray.png */ = {isa = PBXFileReference; lastKnownFileType = image.png; path = record_gray.png; sourceTree = "<group>"; };
		36BB7B4A19FFBD9A00562069 /* record_gray@2x.png */ = {isa = PBXFileReference; lastKnownFileType = image.png; path = "record_gray@2x.png"; sourceTree = "<group>"; };
		36BB7B4B19FFBD9A00562069 /* record.png */ = {isa = PBXFileReference; lastKnownFileType = image.png; path = record.png; sourceTree = "<group>"; };
		36BB7B4C19FFBD9A00562069 /* record@2x.png */ = {isa = PBXFileReference; lastKnownFileType = image.png; path = "record@2x.png"; sourceTree = "<group>"; };
		36BB7B4D19FFBD9A00562069 /* right_arrow.png */ = {isa = PBXFileReference; lastKnownFileType = image.png; path = right_arrow.png; sourceTree = "<group>"; };
		36BB7B4E19FFBD9A00562069 /* right_arrow@2x.png */ = {isa = PBXFileReference; lastKnownFileType = image.png; path = "right_arrow@2x.png"; sourceTree = "<group>"; };
		36BB7B4F19FFBD9A00562069 /* searchicon@2x.png */ = {isa = PBXFileReference; lastKnownFileType = image.png; path = "searchicon@2x.png"; sourceTree = "<group>"; };
		36BB7B5119FFBD9A00562069 /* Default-568h@2x.png */ = {isa = PBXFileReference; lastKnownFileType = image.png; path = "Default-568h@2x.png"; sourceTree = "<group>"; };
		36BB7B5219FFBD9A00562069 /* Default-667h@2x.png */ = {isa = PBXFileReference; lastKnownFileType = image.png; path = "Default-667h@2x.png"; sourceTree = "<group>"; };
		36BB7B5319FFBD9A00562069 /* Default-Landscape-736h@3x.png */ = {isa = PBXFileReference; lastKnownFileType = image.png; path = "Default-Landscape-736h@3x.png"; sourceTree = "<group>"; };
		36BB7B5419FFBD9A00562069 /* Default-Portrait-736h@3x.png */ = {isa = PBXFileReference; lastKnownFileType = image.png; path = "Default-Portrait-736h@3x.png"; sourceTree = "<group>"; };
		36BB7B5519FFBD9A00562069 /* Default@2x.png */ = {isa = PBXFileReference; lastKnownFileType = image.png; path = "Default@2x.png"; sourceTree = "<group>"; };
		36BB7B5619FFBD9A00562069 /* logo.png */ = {isa = PBXFileReference; lastKnownFileType = image.png; path = logo.png; sourceTree = "<group>"; };
		36BB7B5719FFBD9A00562069 /* logo@2x.png */ = {isa = PBXFileReference; lastKnownFileType = image.png; path = "logo@2x.png"; sourceTree = "<group>"; };
		36BB7B5819FFBD9A00562069 /* logo@3x.png */ = {isa = PBXFileReference; lastKnownFileType = image.png; path = "logo@3x.png"; sourceTree = "<group>"; };
		36BB7B8619FFD98C00562069 /* ThankyouController.h */ = {isa = PBXFileReference; fileEncoding = 4; lastKnownFileType = sourcecode.c.h; path = ThankyouController.h; sourceTree = "<group>"; };
		36BB7B8719FFD98C00562069 /* ThankyouController.m */ = {isa = PBXFileReference; fileEncoding = 4; lastKnownFileType = sourcecode.c.objc; path = ThankyouController.m; sourceTree = "<group>"; };
		36BB7B8819FFD98C00562069 /* ThankyouController.xib */ = {isa = PBXFileReference; fileEncoding = 4; lastKnownFileType = file.xib; path = ThankyouController.xib; sourceTree = "<group>"; };
		36FD974A19E694AC00427507 /* BSKeyboardControls.h */ = {isa = PBXFileReference; fileEncoding = 4; lastKnownFileType = sourcecode.c.h; path = BSKeyboardControls.h; sourceTree = "<group>"; };
		36FD974B19E694AC00427507 /* BSKeyboardControls.m */ = {isa = PBXFileReference; fileEncoding = 4; lastKnownFileType = sourcecode.c.objc; path = BSKeyboardControls.m; sourceTree = "<group>"; };
		36FD974D19E694AC00427507 /* da */ = {isa = PBXFileReference; lastKnownFileType = text.plist.strings; name = da; path = da.lproj/BSKeyboardControls.strings; sourceTree = "<group>"; };
		36FD974E19E694AC00427507 /* en */ = {isa = PBXFileReference; lastKnownFileType = text.plist.strings; name = en; path = en.lproj/BSKeyboardControls.strings; sourceTree = "<group>"; };
		36FD974F19E694AC00427507 /* es */ = {isa = PBXFileReference; lastKnownFileType = text.plist.strings; name = es; path = es.lproj/BSKeyboardControls.strings; sourceTree = "<group>"; };
		36FD975019E694AC00427507 /* pt */ = {isa = PBXFileReference; lastKnownFileType = text.plist.strings; name = pt; path = pt.lproj/BSKeyboardControls.strings; sourceTree = "<group>"; };
		36FD975119E694AC00427507 /* ru-RU */ = {isa = PBXFileReference; lastKnownFileType = text.plist.strings; name = "ru-RU"; path = "ru-RU.lproj/BSKeyboardControls.strings"; sourceTree = "<group>"; };
		36FD975219E694AC00427507 /* ru */ = {isa = PBXFileReference; lastKnownFileType = text.plist.strings; name = ru; path = ru.lproj/BSKeyboardControls.strings; sourceTree = "<group>"; };
		36FD975319E694AC00427507 /* sv */ = {isa = PBXFileReference; lastKnownFileType = text.plist.strings; name = sv; path = sv.lproj/BSKeyboardControls.strings; sourceTree = "<group>"; };
		36FD975419E694AC00427507 /* uk */ = {isa = PBXFileReference; lastKnownFileType = text.plist.strings; name = uk; path = uk.lproj/BSKeyboardControls.strings; sourceTree = "<group>"; };
/* End PBXFileReference section */

/* Begin PBXFrameworksBuildPhase section */
		36561D6519D2C8A40069D897 /* Frameworks */ = {
			isa = PBXFrameworksBuildPhase;
			buildActionMask = 2147483647;
			files = (
				36B275D41A00CD6000ED58AD /* StoreKit.framework in Frameworks */,
				36A370B819F53E6D005A7AFE /* AVFoundation.framework in Frameworks */,
				36561D6E19D2C8A40069D897 /* CoreGraphics.framework in Frameworks */,
				36561D7019D2C8A40069D897 /* UIKit.framework in Frameworks */,
				36561D6C19D2C8A40069D897 /* Foundation.framework in Frameworks */,
			);
			runOnlyForDeploymentPostprocessing = 0;
		};
		36561D8019D2C8A40069D897 /* Frameworks */ = {
			isa = PBXFrameworksBuildPhase;
			buildActionMask = 2147483647;
			files = (
				36561D8519D2C8A40069D897 /* XCTest.framework in Frameworks */,
				36561D8719D2C8A40069D897 /* UIKit.framework in Frameworks */,
				36561D8619D2C8A40069D897 /* Foundation.framework in Frameworks */,
			);
			runOnlyForDeploymentPostprocessing = 0;
		};
/* End PBXFrameworksBuildPhase section */

/* Begin PBXGroup section */
		36474F0719D96E9800084F34 /* Fonts */ = {
			isa = PBXGroup;
			children = (
				36474F1D19D9780100084F34 /* Pigiarniq Bold.ttf */,
				36474F1E19D9780100084F34 /* Pigiarniq Heavy.ttf */,
				36474F1F19D9780100084F34 /* Pigiarniq Italic.ttf */,
				36474F2019D9780100084F34 /* Pigiarniq Light.ttf */,
				36474F2119D9780100084F34 /* Pigiarniq Regular.ttf */,
			);
			name = Fonts;
			sourceTree = "<group>";
		};
		36524AED19D9409C006DCAAF /* SocialnetworkController */ = {
			isa = PBXGroup;
			children = (
				36524AEE19D940F4006DCAAF /* SocialnetworkController.h */,
				36524AEF19D940F4006DCAAF /* SocialnetworkController.m */,
				36524AF019D940F4006DCAAF /* SocialnetworkController.xib */,
			);
			name = SocialnetworkController;
			sourceTree = "<group>";
		};
		36561D5F19D2C8A40069D897 = {
			isa = PBXGroup;
			children = (
				36561D7119D2C8A40069D897 /* Untechable */,
				36B0369A19DAD2AB00E8CD21 /* images */,
				36561D7219D2C8A40069D897 /* Supporting Files */,
				36561D8A19D2C8A40069D897 /* UntechableTests */,
				36561D6A19D2C8A40069D897 /* Frameworks */,
				36561D6919D2C8A40069D897 /* Products */,
			);
			sourceTree = "<group>";
		};
		36561D6919D2C8A40069D897 /* Products */ = {
			isa = PBXGroup;
			children = (
				36561D6819D2C8A40069D897 /* Untechable.app */,
				36561D8319D2C8A40069D897 /* UntechableTests.xctest */,
			);
			name = Products;
			sourceTree = "<group>";
		};
		36561D6A19D2C8A40069D897 /* Frameworks */ = {
			isa = PBXGroup;
			children = (
				36B275D31A00CD6000ED58AD /* StoreKit.framework */,
				36A370B719F53E6D005A7AFE /* AVFoundation.framework */,
				36561D6B19D2C8A40069D897 /* Foundation.framework */,
				36561D6D19D2C8A40069D897 /* CoreGraphics.framework */,
				36561D6F19D2C8A40069D897 /* UIKit.framework */,
				36561D8419D2C8A40069D897 /* XCTest.framework */,
			);
			name = Frameworks;
			sourceTree = "<group>";
		};
		36561D7119D2C8A40069D897 /* Untechable */ = {
			isa = PBXGroup;
			children = (
				36561D7A19D2C8A40069D897 /* AppDelegate.h */,
				36561D7B19D2C8A40069D897 /* AppDelegate.m */,
				366ECD7F19D317E200F71A11 /* Config */,
				3663932219D6A0A700512965 /* CommonFunctions */,
				366ECD7519D2D24600F71A11 /* AddUntechable */,
				36561D7D19D2C8A40069D897 /* Images.xcassets */,
			);
			path = Untechable;
			sourceTree = "<group>";
		};
		36561D7219D2C8A40069D897 /* Supporting Files */ = {
			isa = PBXGroup;
			children = (
				36474F0719D96E9800084F34 /* Fonts */,
				36561D7319D2C8A40069D897 /* Untechable-Info.plist */,
				36561D7419D2C8A40069D897 /* InfoPlist.strings */,
				36561D7719D2C8A40069D897 /* main.m */,
				36561D7919D2C8A40069D897 /* Untechable-Prefix.pch */,
			);
			name = "Supporting Files";
			path = Untechable;
			sourceTree = "<group>";
		};
		36561D8A19D2C8A40069D897 /* UntechableTests */ = {
			isa = PBXGroup;
			children = (
				36561D8B19D2C8A40069D897 /* Supporting Files */,
				36561D9019D2C8A40069D897 /* UntechableTests.m */,
			);
			path = UntechableTests;
			sourceTree = "<group>";
		};
		36561D8B19D2C8A40069D897 /* Supporting Files */ = {
			isa = PBXGroup;
			children = (
				36561D8C19D2C8A40069D897 /* UntechableTests-Info.plist */,
				36561D8D19D2C8A40069D897 /* InfoPlist.strings */,
			);
			name = "Supporting Files";
			sourceTree = "<group>";
		};
		3663932219D6A0A700512965 /* CommonFunctions */ = {
			isa = PBXGroup;
			children = (
				3663932319D6A0A700512965 /* CommonFunctions.h */,
				3663932419D6A0A700512965 /* CommonFunctions.m */,
			);
			path = CommonFunctions;
			sourceTree = "<group>";
		};
		366ECD7519D2D24600F71A11 /* AddUntechable */ = {
			isa = PBXGroup;
			children = (
				366ECD7B19D312BE00F71A11 /* Models */,
				36B275CF1A00CC9400ED58AD /* RMStore */,
				366ECD8619D322D700F71A11 /* AddUntechableController */,
				366ECD8719D322F800F71A11 /* PhoneSetupController */,
				36524AED19D9409C006DCAAF /* SocialnetworkController */,
				36B0369F19DAF3E400E8CD21 /* EmailSettingController */,
				36BB7B8219FFD94D00562069 /* ThankyouController */,
			);
			name = AddUntechable;
			sourceTree = "<group>";
		};
		366ECD7B19D312BE00F71A11 /* Models */ = {
			isa = PBXGroup;
			children = (
				36474F2719D9AC3800084F34 /* UIPlaceHolderTextView.h */,
				36474F2819D9AC3800084F34 /* UIPlaceHolderTextView.m */,
				366ECD7C19D3135200F71A11 /* Untechable.h */,
				366ECD7D19D3135200F71A11 /* Untechable.m */,
			);
			name = Models;
			sourceTree = "<group>";
		};
		366ECD7F19D317E200F71A11 /* Config */ = {
			isa = PBXGroup;
			children = (
				36FD974919E694AC00427507 /* BSKeyboardControls */,
				366ECD8019D3181000F71A11 /* Common.h */,
			);
			name = Config;
			sourceTree = "<group>";
		};
		366ECD8619D322D700F71A11 /* AddUntechableController */ = {
			isa = PBXGroup;
			children = (
				366ECD9319D323DA00F71A11 /* AddUntechableController.h */,
				366ECD9419D323DA00F71A11 /* AddUntechableController.m */,
				366ECD9519D323DA00F71A11 /* AddUntechableController.xib */,
			);
			name = AddUntechableController;
			sourceTree = "<group>";
		};
		366ECD8719D322F800F71A11 /* PhoneSetupController */ = {
			isa = PBXGroup;
			children = (
				3681603319E6B81E00B9B64C /* InviteScreen */,
				366ECD9819D323E200F71A11 /* PhoneSetupController.h */,
				366ECD9919D323E200F71A11 /* PhoneSetupController.m */,
				366ECD9A19D323E200F71A11 /* PhoneSetupController.xib */,
			);
			name = PhoneSetupController;
			sourceTree = "<group>";
		};
		3681603319E6B81E00B9B64C /* InviteScreen */ = {
			isa = PBXGroup;
			children = (
				3681603619E6B81E00B9B64C /* InviteFriendsCell.h */,
				3681603719E6B81E00B9B64C /* InviteFriendsCell.m */,
				3681603819E6B81E00B9B64C /* InviteFriendsCell.xib */,
				3681603419E6B81E00B9B64C /* ContactsModel.h */,
				3681603519E6B81E00B9B64C /* ContactsModel.m */,
				3681603919E6B81E00B9B64C /* InviteFriendsController.h */,
				3681603A19E6B81E00B9B64C /* InviteFriendsController.m */,
				3681603B19E6B81E00B9B64C /* InviteFriendsController.xib */,
			);
			name = InviteScreen;
			path = AddUntechable/PhoneSetupController/InviteScreen;
			sourceTree = "<group>";
		};
		36B0369A19DAD2AB00E8CD21 /* images */ = {
			isa = PBXGroup;
			children = (
				36BB7B2E19FFBD9A00562069 /* CHECKBOX_EMPTY.png */,
				36BB7B2F19FFBD9A00562069 /* CHECKBOX_EMPTY@2x.png */,
				36BB7B3019FFBD9A00562069 /* CHECKBOX_FILLED.png */,
				36BB7B3119FFBD9A00562069 /* CHECKBOX_FILLED@2x.png */,
				36BB7B3219FFBD9A00562069 /* icons */,
				36BB7B4119FFBD9A00562069 /* inputBottomBg2@2x.png */,
				36BB7B4219FFBD9A00562069 /* invite_Bg@2x.png */,
				36BB7B4319FFBD9A00562069 /* pause.png */,
				36BB7B4419FFBD9A00562069 /* pause@2x.png */,
				36BB7B4519FFBD9A00562069 /* play_gray.png */,
				36BB7B4619FFBD9A00562069 /* play_gray@2x.png */,
				36BB7B4719FFBD9A00562069 /* play.png */,
				36BB7B4819FFBD9A00562069 /* play@2x.png */,
				36BB7B4919FFBD9A00562069 /* record_gray.png */,
				36BB7B4A19FFBD9A00562069 /* record_gray@2x.png */,
				36BB7B4B19FFBD9A00562069 /* record.png */,
				36BB7B4C19FFBD9A00562069 /* record@2x.png */,
				36BB7B4D19FFBD9A00562069 /* right_arrow.png */,
				36BB7B4E19FFBD9A00562069 /* right_arrow@2x.png */,
				36BB7B4F19FFBD9A00562069 /* searchicon@2x.png */,
				36BB7B5019FFBD9A00562069 /* untechablesplashscreensandlogotext */,
			);
			name = images;
			path = Untechable/images;
			sourceTree = "<group>";
		};
		36B0369F19DAF3E400E8CD21 /* EmailSettingController */ = {
			isa = PBXGroup;
			children = (
				36B036A319DAF44D00E8CD21 /* EmailSettingController.h */,
				36B036A419DAF44D00E8CD21 /* EmailSettingController.m */,
				36B036A519DAF44D00E8CD21 /* EmailSettingController.xib */,
			);
			name = EmailSettingController;
			sourceTree = "<group>";
		};
		36B275CF1A00CC9400ED58AD /* RMStore */ = {
			isa = PBXGroup;
			children = (
				36B275D51A00D36400ED58AD /* RMStore.h */,
				36B275D61A00D36400ED58AD /* RMStore.m */,
			);
			name = RMStore;
			sourceTree = "<group>";
		};
		36BB7B3219FFBD9A00562069 /* icons */ = {
			isa = PBXGroup;
			children = (
				36BB7B3319FFBD9A00562069 /* icon-40.png */,
				36BB7B3419FFBD9A00562069 /* icon-40@2x.png */,
				36BB7B3519FFBD9A00562069 /* icon-50.png */,
				36BB7B3619FFBD9A00562069 /* icon-50@2x.png */,
				36BB7B3719FFBD9A00562069 /* icon-60.png */,
				36BB7B3819FFBD9A00562069 /* icon-60@2x.png */,
				36BB7B3919FFBD9A00562069 /* icon-72.png */,
				36BB7B3A19FFBD9A00562069 /* icon-72@2x.png */,
				36BB7B3B19FFBD9A00562069 /* icon-76.png */,
				36BB7B3C19FFBD9A00562069 /* icon-76@2x.png */,
				36BB7B3D19FFBD9A00562069 /* icon-small.png */,
				36BB7B3E19FFBD9A00562069 /* icon-small@2x.png */,
				36BB7B3F19FFBD9A00562069 /* icon.png */,
				36BB7B4019FFBD9A00562069 /* icon@2x.png */,
			);
			path = icons;
			sourceTree = "<group>";
		};
		36BB7B5019FFBD9A00562069 /* untechablesplashscreensandlogotext */ = {
			isa = PBXGroup;
			children = (
				36BB7B5119FFBD9A00562069 /* Default-568h@2x.png */,
				36BB7B5219FFBD9A00562069 /* Default-667h@2x.png */,
				36BB7B5319FFBD9A00562069 /* Default-Landscape-736h@3x.png */,
				36BB7B5419FFBD9A00562069 /* Default-Portrait-736h@3x.png */,
				36BB7B5519FFBD9A00562069 /* Default@2x.png */,
				36BB7B5619FFBD9A00562069 /* logo.png */,
				36BB7B5719FFBD9A00562069 /* logo@2x.png */,
				36BB7B5819FFBD9A00562069 /* logo@3x.png */,
			);
			path = untechablesplashscreensandlogotext;
			sourceTree = "<group>";
		};
		36BB7B8219FFD94D00562069 /* ThankyouController */ = {
			isa = PBXGroup;
			children = (
				36BB7B8619FFD98C00562069 /* ThankyouController.h */,
				36BB7B8719FFD98C00562069 /* ThankyouController.m */,
				36BB7B8819FFD98C00562069 /* ThankyouController.xib */,
			);
			name = ThankyouController;
			path = AddUntechable/ThankyouController;
			sourceTree = "<group>";
		};
		36FD974919E694AC00427507 /* BSKeyboardControls */ = {
			isa = PBXGroup;
			children = (
				36FD974A19E694AC00427507 /* BSKeyboardControls.h */,
				36FD974B19E694AC00427507 /* BSKeyboardControls.m */,
				36FD974C19E694AC00427507 /* BSKeyboardControls.strings */,
			);
			name = BSKeyboardControls;
			path = Config/BSKeyboardControls;
			sourceTree = "<group>";
		};
/* End PBXGroup section */

/* Begin PBXNativeTarget section */
		36561D6719D2C8A40069D897 /* Untechable */ = {
			isa = PBXNativeTarget;
			buildConfigurationList = 36561D9419D2C8A40069D897 /* Build configuration list for PBXNativeTarget "Untechable" */;
			buildPhases = (
				36561D6419D2C8A40069D897 /* Sources */,
				36561D6519D2C8A40069D897 /* Frameworks */,
				36561D6619D2C8A40069D897 /* Resources */,
			);
			buildRules = (
			);
			dependencies = (
			);
			name = Untechable;
			productName = Untechable;
			productReference = 36561D6819D2C8A40069D897 /* Untechable.app */;
			productType = "com.apple.product-type.application";
		};
		36561D8219D2C8A40069D897 /* UntechableTests */ = {
			isa = PBXNativeTarget;
			buildConfigurationList = 36561D9719D2C8A40069D897 /* Build configuration list for PBXNativeTarget "UntechableTests" */;
			buildPhases = (
				36561D7F19D2C8A40069D897 /* Sources */,
				36561D8019D2C8A40069D897 /* Frameworks */,
				36561D8119D2C8A40069D897 /* Resources */,
			);
			buildRules = (
			);
			dependencies = (
				36561D8919D2C8A40069D897 /* PBXTargetDependency */,
			);
			name = UntechableTests;
			productName = UntechableTests;
			productReference = 36561D8319D2C8A40069D897 /* UntechableTests.xctest */;
			productType = "com.apple.product-type.bundle.unit-test";
		};
/* End PBXNativeTarget section */

/* Begin PBXProject section */
		36561D6019D2C8A40069D897 /* Project object */ = {
			isa = PBXProject;
			attributes = {
				LastUpgradeCheck = 0510;
				ORGANIZATIONNAME = "Green MTN Labs Inc";
				TargetAttributes = {
					36561D6719D2C8A40069D897 = {
						DevelopmentTeam = 4MGKP9P5WH;
					};
					36561D8219D2C8A40069D897 = {
						TestTargetID = 36561D6719D2C8A40069D897;
					};
				};
			};
			buildConfigurationList = 36561D6319D2C8A40069D897 /* Build configuration list for PBXProject "Untechable" */;
			compatibilityVersion = "Xcode 3.2";
			developmentRegion = English;
			hasScannedForEncodings = 0;
			knownRegions = (
				en,
				da,
				es,
				pt,
				"ru-RU",
				ru,
				sv,
				uk,
			);
			mainGroup = 36561D5F19D2C8A40069D897;
			productRefGroup = 36561D6919D2C8A40069D897 /* Products */;
			projectDirPath = "";
			projectRoot = "";
			targets = (
				36561D6719D2C8A40069D897 /* Untechable */,
				36561D8219D2C8A40069D897 /* UntechableTests */,
			);
		};
/* End PBXProject section */

/* Begin PBXResourcesBuildPhase section */
		36561D6619D2C8A40069D897 /* Resources */ = {
			isa = PBXResourcesBuildPhase;
			buildActionMask = 2147483647;
			files = (
				36BB7B6819FFBD9A00562069 /* icon-small@2x.png in Resources */,
				36BB7B7119FFBD9A00562069 /* play.png in Resources */,
				36BB7B7F19FFBD9A00562069 /* logo.png in Resources */,
				366ECD9C19D323E200F71A11 /* PhoneSetupController.xib in Resources */,
				36BB7B5F19FFBD9A00562069 /* icon-50.png in Resources */,
				36BB7B6119FFBD9A00562069 /* icon-60.png in Resources */,
				36BB7B6919FFBD9A00562069 /* icon.png in Resources */,
				36BB7B5C19FFBD9A00562069 /* CHECKBOX_FILLED@2x.png in Resources */,
				36474F2619D9780100084F34 /* Pigiarniq Regular.ttf in Resources */,
				36474F2219D9780100084F34 /* Pigiarniq Bold.ttf in Resources */,
				36BB7B7619FFBD9A00562069 /* record@2x.png in Resources */,
				36BB7B6E19FFBD9A00562069 /* pause@2x.png in Resources */,
				36BB7B6319FFBD9A00562069 /* icon-72.png in Resources */,
				36BB7B5E19FFBD9A00562069 /* icon-40@2x.png in Resources */,
				36BB7B6F19FFBD9A00562069 /* play_gray.png in Resources */,
				36474F2419D9780100084F34 /* Pigiarniq Italic.ttf in Resources */,
				36BB7B6419FFBD9A00562069 /* icon-72@2x.png in Resources */,
				36BB7B7219FFBD9A00562069 /* play@2x.png in Resources */,
				36474F2319D9780100084F34 /* Pigiarniq Heavy.ttf in Resources */,
				36BB7B7B19FFBD9A00562069 /* Default-667h@2x.png in Resources */,
				36BB7B7019FFBD9A00562069 /* play_gray@2x.png in Resources */,
				36BB7B6D19FFBD9A00562069 /* pause.png in Resources */,
				36BB7B8A19FFD98C00562069 /* ThankyouController.xib in Resources */,
				36BB7B6619FFBD9A00562069 /* icon-76@2x.png in Resources */,
				36474F2519D9780100084F34 /* Pigiarniq Light.ttf in Resources */,
				36BB7B6519FFBD9A00562069 /* icon-76.png in Resources */,
				36BB7B8119FFBD9A00562069 /* logo@3x.png in Resources */,
				36BB7B7819FFBD9A00562069 /* right_arrow@2x.png in Resources */,
				36BB7B7719FFBD9A00562069 /* right_arrow.png in Resources */,
				36BB7B7A19FFBD9A00562069 /* Default-568h@2x.png in Resources */,
				36BB7B5D19FFBD9A00562069 /* icon-40.png in Resources */,
				36BB7B7519FFBD9A00562069 /* record.png in Resources */,
				3681604019E6B81E00B9B64C /* InviteFriendsController.xib in Resources */,
				36524AF219D940F4006DCAAF /* SocialnetworkController.xib in Resources */,
				36BB7B6B19FFBD9A00562069 /* inputBottomBg2@2x.png in Resources */,
				36FD975619E694AC00427507 /* BSKeyboardControls.strings in Resources */,
				36BB7B6219FFBD9A00562069 /* icon-60@2x.png in Resources */,
				36BB7B7E19FFBD9A00562069 /* Default@2x.png in Resources */,
				36BB7B7C19FFBD9A00562069 /* Default-Landscape-736h@3x.png in Resources */,
				36BB7B6C19FFBD9A00562069 /* invite_Bg@2x.png in Resources */,
				36BB7B5B19FFBD9A00562069 /* CHECKBOX_FILLED.png in Resources */,
				36BB7B7D19FFBD9A00562069 /* Default-Portrait-736h@3x.png in Resources */,
				36BB7B7419FFBD9A00562069 /* record_gray@2x.png in Resources */,
				36BB7B6019FFBD9A00562069 /* icon-50@2x.png in Resources */,
				36BB7B5919FFBD9A00562069 /* CHECKBOX_EMPTY.png in Resources */,
				36BB7B5A19FFBD9A00562069 /* CHECKBOX_EMPTY@2x.png in Resources */,
				36BB7B8019FFBD9A00562069 /* logo@2x.png in Resources */,
				366ECD9719D323DA00F71A11 /* AddUntechableController.xib in Resources */,
				3681603E19E6B81E00B9B64C /* InviteFriendsCell.xib in Resources */,
				36B036A719DAF44D00E8CD21 /* EmailSettingController.xib in Resources */,
				36BB7B7319FFBD9A00562069 /* record_gray.png in Resources */,
				36561D7619D2C8A40069D897 /* InfoPlist.strings in Resources */,
				36BB7B6719FFBD9A00562069 /* icon-small.png in Resources */,
				36BB7B7919FFBD9A00562069 /* searchicon@2x.png in Resources */,
				36561D7E19D2C8A40069D897 /* Images.xcassets in Resources */,
				36BB7B6A19FFBD9A00562069 /* icon@2x.png in Resources */,
			);
			runOnlyForDeploymentPostprocessing = 0;
		};
		36561D8119D2C8A40069D897 /* Resources */ = {
			isa = PBXResourcesBuildPhase;
			buildActionMask = 2147483647;
			files = (
				36561D8F19D2C8A40069D897 /* InfoPlist.strings in Resources */,
			);
			runOnlyForDeploymentPostprocessing = 0;
		};
/* End PBXResourcesBuildPhase section */

/* Begin PBXSourcesBuildPhase section */
		36561D6419D2C8A40069D897 /* Sources */ = {
			isa = PBXSourcesBuildPhase;
			buildActionMask = 2147483647;
			files = (
				36BB7B8919FFD98C00562069 /* ThankyouController.m in Sources */,
				366ECD9619D323DA00F71A11 /* AddUntechableController.m in Sources */,
				36B275D71A00D36400ED58AD /* RMStore.m in Sources */,
				3681603C19E6B81E00B9B64C /* ContactsModel.m in Sources */,
				366ECD9B19D323E200F71A11 /* PhoneSetupController.m in Sources */,
				3681603F19E6B81E00B9B64C /* InviteFriendsController.m in Sources */,
				3663932519D6A0A700512965 /* CommonFunctions.m in Sources */,
				3681603D19E6B81E00B9B64C /* InviteFriendsCell.m in Sources */,
				36474F2919D9AC3800084F34 /* UIPlaceHolderTextView.m in Sources */,
				36B036A619DAF44D00E8CD21 /* EmailSettingController.m in Sources */,
				36561D7C19D2C8A40069D897 /* AppDelegate.m in Sources */,
				366ECD7E19D3135200F71A11 /* Untechable.m in Sources */,
				36FD975519E694AC00427507 /* BSKeyboardControls.m in Sources */,
				36524AF119D940F4006DCAAF /* SocialnetworkController.m in Sources */,
				36561D7819D2C8A40069D897 /* main.m in Sources */,
			);
			runOnlyForDeploymentPostprocessing = 0;
		};
		36561D7F19D2C8A40069D897 /* Sources */ = {
			isa = PBXSourcesBuildPhase;
			buildActionMask = 2147483647;
			files = (
				36561D9119D2C8A40069D897 /* UntechableTests.m in Sources */,
			);
			runOnlyForDeploymentPostprocessing = 0;
		};
/* End PBXSourcesBuildPhase section */

/* Begin PBXTargetDependency section */
		36561D8919D2C8A40069D897 /* PBXTargetDependency */ = {
			isa = PBXTargetDependency;
			target = 36561D6719D2C8A40069D897 /* Untechable */;
			targetProxy = 36561D8819D2C8A40069D897 /* PBXContainerItemProxy */;
		};
/* End PBXTargetDependency section */

/* Begin PBXVariantGroup section */
		36561D7419D2C8A40069D897 /* InfoPlist.strings */ = {
			isa = PBXVariantGroup;
			children = (
				36561D7519D2C8A40069D897 /* en */,
			);
			name = InfoPlist.strings;
			sourceTree = "<group>";
		};
		36561D8D19D2C8A40069D897 /* InfoPlist.strings */ = {
			isa = PBXVariantGroup;
			children = (
				36561D8E19D2C8A40069D897 /* en */,
			);
			name = InfoPlist.strings;
			sourceTree = "<group>";
		};
		36FD974C19E694AC00427507 /* BSKeyboardControls.strings */ = {
			isa = PBXVariantGroup;
			children = (
				36FD974D19E694AC00427507 /* da */,
				36FD974E19E694AC00427507 /* en */,
				36FD974F19E694AC00427507 /* es */,
				36FD975019E694AC00427507 /* pt */,
				36FD975119E694AC00427507 /* ru-RU */,
				36FD975219E694AC00427507 /* ru */,
				36FD975319E694AC00427507 /* sv */,
				36FD975419E694AC00427507 /* uk */,
			);
			name = BSKeyboardControls.strings;
			sourceTree = "<group>";
		};
/* End PBXVariantGroup section */

/* Begin XCBuildConfiguration section */
		36561D9219D2C8A40069D897 /* Debug */ = {
			isa = XCBuildConfiguration;
			buildSettings = {
				ALWAYS_SEARCH_USER_PATHS = NO;
				CLANG_CXX_LANGUAGE_STANDARD = "gnu++0x";
				CLANG_CXX_LIBRARY = "libc++";
				CLANG_ENABLE_MODULES = YES;
				CLANG_ENABLE_OBJC_ARC = YES;
				CLANG_WARN_BOOL_CONVERSION = YES;
				CLANG_WARN_CONSTANT_CONVERSION = YES;
				CLANG_WARN_DIRECT_OBJC_ISA_USAGE = YES_ERROR;
				CLANG_WARN_EMPTY_BODY = YES;
				CLANG_WARN_ENUM_CONVERSION = YES;
				CLANG_WARN_INT_CONVERSION = YES;
				CLANG_WARN_OBJC_ROOT_CLASS = YES_ERROR;
				CLANG_WARN__DUPLICATE_METHOD_MATCH = YES;
				CODE_SIGN_IDENTITY = "iPhone Developer: CarButler Tester (D9YUDTHV7G)";
				"CODE_SIGN_IDENTITY[sdk=iphoneos*]" = "iPhone Developer: CarButler Tester (D9YUDTHV7G)";
				COPY_PHASE_STRIP = NO;
				GCC_C_LANGUAGE_STANDARD = gnu99;
				GCC_DYNAMIC_NO_PIC = NO;
				GCC_OPTIMIZATION_LEVEL = 0;
				GCC_PREPROCESSOR_DEFINITIONS = (
					"DEBUG=1",
					"$(inherited)",
				);
				GCC_SYMBOLS_PRIVATE_EXTERN = NO;
				GCC_WARN_64_TO_32_BIT_CONVERSION = YES;
				GCC_WARN_ABOUT_RETURN_TYPE = YES_ERROR;
				GCC_WARN_UNDECLARED_SELECTOR = YES;
				GCC_WARN_UNINITIALIZED_AUTOS = YES_AGGRESSIVE;
				GCC_WARN_UNUSED_FUNCTION = YES;
				GCC_WARN_UNUSED_VARIABLE = YES;
				IPHONEOS_DEPLOYMENT_TARGET = 7.1;
				ONLY_ACTIVE_ARCH = YES;
				PROVISIONING_PROFILE = "cf638daa-3970-447f-a440-762fe7e0697c";
				SDKROOT = iphoneos;
			};
			name = Debug;
		};
		36561D9319D2C8A40069D897 /* Release */ = {
			isa = XCBuildConfiguration;
			buildSettings = {
				ALWAYS_SEARCH_USER_PATHS = NO;
				CLANG_CXX_LANGUAGE_STANDARD = "gnu++0x";
				CLANG_CXX_LIBRARY = "libc++";
				CLANG_ENABLE_MODULES = YES;
				CLANG_ENABLE_OBJC_ARC = YES;
				CLANG_WARN_BOOL_CONVERSION = YES;
				CLANG_WARN_CONSTANT_CONVERSION = YES;
				CLANG_WARN_DIRECT_OBJC_ISA_USAGE = YES_ERROR;
				CLANG_WARN_EMPTY_BODY = YES;
				CLANG_WARN_ENUM_CONVERSION = YES;
				CLANG_WARN_INT_CONVERSION = YES;
				CLANG_WARN_OBJC_ROOT_CLASS = YES_ERROR;
				CLANG_WARN__DUPLICATE_METHOD_MATCH = YES;
				CODE_SIGN_IDENTITY = "iPhone Distribution: Green Mtn Labs Inc (4MGKP9P5WH)";
				"CODE_SIGN_IDENTITY[sdk=iphoneos*]" = "iPhone Distribution: Green Mtn Labs Inc (4MGKP9P5WH)";
				COPY_PHASE_STRIP = YES;
				ENABLE_NS_ASSERTIONS = NO;
				GCC_C_LANGUAGE_STANDARD = gnu99;
				GCC_WARN_64_TO_32_BIT_CONVERSION = YES;
				GCC_WARN_ABOUT_RETURN_TYPE = YES_ERROR;
				GCC_WARN_UNDECLARED_SELECTOR = YES;
				GCC_WARN_UNINITIALIZED_AUTOS = YES_AGGRESSIVE;
				GCC_WARN_UNUSED_FUNCTION = YES;
				GCC_WARN_UNUSED_VARIABLE = YES;
				IPHONEOS_DEPLOYMENT_TARGET = 7.1;
				PROVISIONING_PROFILE = "96ac2a17-0059-4b29-8e9f-81904f1bc5e2";
				SDKROOT = iphoneos;
				VALIDATE_PRODUCT = YES;
			};
			name = Release;
		};
		36561D9519D2C8A40069D897 /* Debug */ = {
			isa = XCBuildConfiguration;
			buildSettings = {
				CODE_SIGN_IDENTITY = "iPhone Developer: CarButler Tester (D9YUDTHV7G)";
				"CODE_SIGN_IDENTITY[sdk=iphoneos*]" = "iPhone Developer: CarButler Tester (D9YUDTHV7G)";
				GCC_PRECOMPILE_PREFIX_HEADER = YES;
				GCC_PREFIX_HEADER = "Untechable/Untechable-Prefix.pch";
				INFOPLIST_FILE = "Untechable/Untechable-Info.plist";
				IPHONEOS_DEPLOYMENT_TARGET = 7.0;
				PRODUCT_NAME = "$(TARGET_NAME)";
				PROVISIONING_PROFILE = "cf638daa-3970-447f-a440-762fe7e0697c";
				WRAPPER_EXTENSION = app;
			};
			name = Debug;
		};
		36561D9619D2C8A40069D897 /* Release */ = {
			isa = XCBuildConfiguration;
			buildSettings = {
				CODE_SIGN_IDENTITY = "iPhone Distribution: Green Mtn Labs Inc (4MGKP9P5WH)";
				GCC_PRECOMPILE_PREFIX_HEADER = YES;
				GCC_PREFIX_HEADER = "Untechable/Untechable-Prefix.pch";
				INFOPLIST_FILE = "Untechable/Untechable-Info.plist";
				IPHONEOS_DEPLOYMENT_TARGET = 7.0;
				ONLY_ACTIVE_ARCH = YES;
				PRODUCT_NAME = "$(TARGET_NAME)";
				PROVISIONING_PROFILE = "96ac2a17-0059-4b29-8e9f-81904f1bc5e2";
				WRAPPER_EXTENSION = app;
			};
			name = Release;
		};
		36561D9819D2C8A40069D897 /* Debug */ = {
			isa = XCBuildConfiguration;
			buildSettings = {
				BUNDLE_LOADER = "$(BUILT_PRODUCTS_DIR)/Untechable.app/Untechable";
				FRAMEWORK_SEARCH_PATHS = (
					"$(SDKROOT)/Developer/Library/Frameworks",
					"$(inherited)",
					"$(DEVELOPER_FRAMEWORKS_DIR)",
				);
				GCC_PRECOMPILE_PREFIX_HEADER = YES;
				GCC_PREFIX_HEADER = "Untechable/Untechable-Prefix.pch";
				GCC_PREPROCESSOR_DEFINITIONS = (
					"DEBUG=1",
					"$(inherited)",
				);
				INFOPLIST_FILE = "UntechableTests/UntechableTests-Info.plist";
				PRODUCT_NAME = "$(TARGET_NAME)";
				TEST_HOST = "$(BUNDLE_LOADER)";
				WRAPPER_EXTENSION = xctest;
			};
			name = Debug;
		};
		36561D9919D2C8A40069D897 /* Release */ = {
			isa = XCBuildConfiguration;
			buildSettings = {
				BUNDLE_LOADER = "$(BUILT_PRODUCTS_DIR)/Untechable.app/Untechable";
				FRAMEWORK_SEARCH_PATHS = (
					"$(SDKROOT)/Developer/Library/Frameworks",
					"$(inherited)",
					"$(DEVELOPER_FRAMEWORKS_DIR)",
				);
				GCC_PRECOMPILE_PREFIX_HEADER = YES;
				GCC_PREFIX_HEADER = "Untechable/Untechable-Prefix.pch";
				INFOPLIST_FILE = "UntechableTests/UntechableTests-Info.plist";
				PRODUCT_NAME = "$(TARGET_NAME)";
				TEST_HOST = "$(BUNDLE_LOADER)";
				WRAPPER_EXTENSION = xctest;
			};
			name = Release;
		};
/* End XCBuildConfiguration section */

/* Begin XCConfigurationList section */
		36561D6319D2C8A40069D897 /* Build configuration list for PBXProject "Untechable" */ = {
			isa = XCConfigurationList;
			buildConfigurations = (
				36561D9219D2C8A40069D897 /* Debug */,
				36561D9319D2C8A40069D897 /* Release */,
			);
			defaultConfigurationIsVisible = 0;
			defaultConfigurationName = Release;
		};
		36561D9419D2C8A40069D897 /* Build configuration list for PBXNativeTarget "Untechable" */ = {
			isa = XCConfigurationList;
			buildConfigurations = (
				36561D9519D2C8A40069D897 /* Debug */,
				36561D9619D2C8A40069D897 /* Release */,
			);
			defaultConfigurationIsVisible = 0;
			defaultConfigurationName = Release;
		};
		36561D9719D2C8A40069D897 /* Build configuration list for PBXNativeTarget "UntechableTests" */ = {
			isa = XCConfigurationList;
			buildConfigurations = (
				36561D9819D2C8A40069D897 /* Debug */,
				36561D9919D2C8A40069D897 /* Release */,
			);
			defaultConfigurationIsVisible = 0;
			defaultConfigurationName = Release;
		};
/* End XCConfigurationList section */
	};
	rootObject = 36561D6019D2C8A40069D897 /* Project object */;
}
